// !$*UTF8*$!
{
	archiveVersion = 1;
	classes = {
	};
	objectVersion = 48;
	objects = {

/* Begin PBXBuildFile section */
		0803014B208B2D7700A954F3 /* CoreLocation.framework in Frameworks */ = {isa = PBXBuildFile; fileRef = 0803014A208B2D7700A954F3 /* CoreLocation.framework */; };
		082EE7EC207DFBEF0058348A /* AppDelegate.m in Sources */ = {isa = PBXBuildFile; fileRef = 082EE7EB207DFBEF0058348A /* AppDelegate.m */; };
		082EE7EF207DFBEF0058348A /* MainMenu.m in Sources */ = {isa = PBXBuildFile; fileRef = 082EE7EE207DFBEF0058348A /* MainMenu.m */; };
		082EE7F2207DFBEF0058348A /* Main.storyboard in Resources */ = {isa = PBXBuildFile; fileRef = 082EE7F0207DFBEF0058348A /* Main.storyboard */; };
		082EE7F4207DFBEF0058348A /* Assets.xcassets in Resources */ = {isa = PBXBuildFile; fileRef = 082EE7F3207DFBEF0058348A /* Assets.xcassets */; };
		082EE7F7207DFBF00058348A /* LaunchScreen.storyboard in Resources */ = {isa = PBXBuildFile; fileRef = 082EE7F5207DFBF00058348A /* LaunchScreen.storyboard */; };
		082EE7FA207DFBF00058348A /* main.m in Sources */ = {isa = PBXBuildFile; fileRef = 082EE7F9207DFBF00058348A /* main.m */; };
		082EE804207DFBF00058348A /* CustomAlbumTests.m in Sources */ = {isa = PBXBuildFile; fileRef = 082EE803207DFBF00058348A /* CustomAlbumTests.m */; };
		082EE80F207DFBF00058348A /* CustomAlbumUITests.m in Sources */ = {isa = PBXBuildFile; fileRef = 082EE80E207DFBF00058348A /* CustomAlbumUITests.m */; };
		082EE81E207E02F30058348A /* AlbumViewController.m in Sources */ = {isa = PBXBuildFile; fileRef = 082EE81D207E02F30058348A /* AlbumViewController.m */; };
		082EE828207E2B710058348A /* Albums.m in Sources */ = {isa = PBXBuildFile; fileRef = 082EE827207E2B710058348A /* Albums.m */; };
		082EE82B207E2EB10058348A /* AlbumCell.m in Sources */ = {isa = PBXBuildFile; fileRef = 082EE82A207E2EB10058348A /* AlbumCell.m */; };
		0840C610208A11CE00E3A1CB /* DrawPath.m in Sources */ = {isa = PBXBuildFile; fileRef = 0840C60F208A11CE00E3A1CB /* DrawPath.m */; };
		0840C613208A120A00E3A1CB /* DrawView.m in Sources */ = {isa = PBXBuildFile; fileRef = 0840C612208A120A00E3A1CB /* DrawView.m */; };
		088CCBE320861E9900FE7203 /* OneCellViewController.m in Sources */ = {isa = PBXBuildFile; fileRef = 088CCBE220861E9900FE7203 /* OneCellViewController.m */; };
		08DDCB842080B1A600D348F7 /* PhotosCollectionViewController.m in Sources */ = {isa = PBXBuildFile; fileRef = 08DDCB832080B1A600D348F7 /* PhotosCollectionViewController.m */; };
		08DDCB872080B1C400D348F7 /* PhotosCollectionViewCell.m in Sources */ = {isa = PBXBuildFile; fileRef = 08DDCB862080B1C400D348F7 /* PhotosCollectionViewCell.m */; };
/* End PBXBuildFile section */

/* Begin PBXContainerItemProxy section */
		082EE800207DFBF00058348A /* PBXContainerItemProxy */ = {
			isa = PBXContainerItemProxy;
			containerPortal = 082EE7DF207DFBEF0058348A /* Project object */;
			proxyType = 1;
			remoteGlobalIDString = 082EE7E6207DFBEF0058348A;
			remoteInfo = CustomAlbum;
		};
		082EE80B207DFBF00058348A /* PBXContainerItemProxy */ = {
			isa = PBXContainerItemProxy;
			containerPortal = 082EE7DF207DFBEF0058348A /* Project object */;
			proxyType = 1;
			remoteGlobalIDString = 082EE7E6207DFBEF0058348A;
			remoteInfo = CustomAlbum;
		};
/* End PBXContainerItemProxy section */

/* Begin PBXFileReference section */
		0803014A208B2D7700A954F3 /* CoreLocation.framework */ = {isa = PBXFileReference; lastKnownFileType = wrapper.framework; name = CoreLocation.framework; path = System/Library/Frameworks/CoreLocation.framework; sourceTree = SDKROOT; };
		082EE7E7207DFBEF0058348A /* CustomAlbum.app */ = {isa = PBXFileReference; explicitFileType = wrapper.application; includeInIndex = 0; path = CustomAlbum.app; sourceTree = BUILT_PRODUCTS_DIR; };
		082EE7EA207DFBEF0058348A /* AppDelegate.h */ = {isa = PBXFileReference; lastKnownFileType = sourcecode.c.h; path = AppDelegate.h; sourceTree = "<group>"; };
		082EE7EB207DFBEF0058348A /* AppDelegate.m */ = {isa = PBXFileReference; lastKnownFileType = sourcecode.c.objc; path = AppDelegate.m; sourceTree = "<group>"; };
		082EE7ED207DFBEF0058348A /* MainMenu.h */ = {isa = PBXFileReference; lastKnownFileType = sourcecode.c.h; path = MainMenu.h; sourceTree = "<group>"; };
		082EE7EE207DFBEF0058348A /* MainMenu.m */ = {isa = PBXFileReference; lastKnownFileType = sourcecode.c.objc; path = MainMenu.m; sourceTree = "<group>"; };
		082EE7F1207DFBEF0058348A /* Base */ = {isa = PBXFileReference; lastKnownFileType = file.storyboard; name = Base; path = Base.lproj/Main.storyboard; sourceTree = "<group>"; };
		082EE7F3207DFBEF0058348A /* Assets.xcassets */ = {isa = PBXFileReference; lastKnownFileType = folder.assetcatalog; path = Assets.xcassets; sourceTree = "<group>"; };
		082EE7F6207DFBF00058348A /* Base */ = {isa = PBXFileReference; lastKnownFileType = file.storyboard; name = Base; path = Base.lproj/LaunchScreen.storyboard; sourceTree = "<group>"; };
		082EE7F8207DFBF00058348A /* Info.plist */ = {isa = PBXFileReference; lastKnownFileType = text.plist.xml; path = Info.plist; sourceTree = "<group>"; };
		082EE7F9207DFBF00058348A /* main.m */ = {isa = PBXFileReference; lastKnownFileType = sourcecode.c.objc; path = main.m; sourceTree = "<group>"; };
		082EE7FF207DFBF00058348A /* CustomAlbumTests.xctest */ = {isa = PBXFileReference; explicitFileType = wrapper.cfbundle; includeInIndex = 0; path = CustomAlbumTests.xctest; sourceTree = BUILT_PRODUCTS_DIR; };
		082EE803207DFBF00058348A /* CustomAlbumTests.m */ = {isa = PBXFileReference; lastKnownFileType = sourcecode.c.objc; path = CustomAlbumTests.m; sourceTree = "<group>"; };
		082EE805207DFBF00058348A /* Info.plist */ = {isa = PBXFileReference; lastKnownFileType = text.plist.xml; path = Info.plist; sourceTree = "<group>"; };
		082EE80A207DFBF00058348A /* CustomAlbumUITests.xctest */ = {isa = PBXFileReference; explicitFileType = wrapper.cfbundle; includeInIndex = 0; path = CustomAlbumUITests.xctest; sourceTree = BUILT_PRODUCTS_DIR; };
		082EE80E207DFBF00058348A /* CustomAlbumUITests.m */ = {isa = PBXFileReference; lastKnownFileType = sourcecode.c.objc; path = CustomAlbumUITests.m; sourceTree = "<group>"; };
		082EE810207DFBF00058348A /* Info.plist */ = {isa = PBXFileReference; lastKnownFileType = text.plist.xml; path = Info.plist; sourceTree = "<group>"; };
		082EE81C207E02F30058348A /* AlbumViewController.h */ = {isa = PBXFileReference; lastKnownFileType = sourcecode.c.h; path = AlbumViewController.h; sourceTree = "<group>"; };
		082EE81D207E02F30058348A /* AlbumViewController.m */ = {isa = PBXFileReference; lastKnownFileType = sourcecode.c.objc; path = AlbumViewController.m; sourceTree = "<group>"; };
		082EE826207E2B710058348A /* Albums.h */ = {isa = PBXFileReference; lastKnownFileType = sourcecode.c.h; path = Albums.h; sourceTree = "<group>"; };
		082EE827207E2B710058348A /* Albums.m */ = {isa = PBXFileReference; lastKnownFileType = sourcecode.c.objc; path = Albums.m; sourceTree = "<group>"; };
		082EE829207E2EB10058348A /* AlbumCell.h */ = {isa = PBXFileReference; lastKnownFileType = sourcecode.c.h; path = AlbumCell.h; sourceTree = "<group>"; };
		082EE82A207E2EB10058348A /* AlbumCell.m */ = {isa = PBXFileReference; lastKnownFileType = sourcecode.c.objc; path = AlbumCell.m; sourceTree = "<group>"; };
		0840C60E208A11CE00E3A1CB /* DrawPath.h */ = {isa = PBXFileReference; lastKnownFileType = sourcecode.c.h; path = DrawPath.h; sourceTree = "<group>"; };
		0840C60F208A11CE00E3A1CB /* DrawPath.m */ = {isa = PBXFileReference; lastKnownFileType = sourcecode.c.objc; path = DrawPath.m; sourceTree = "<group>"; };
		0840C611208A120A00E3A1CB /* DrawView.h */ = {isa = PBXFileReference; lastKnownFileType = sourcecode.c.h; path = DrawView.h; sourceTree = "<group>"; };
		0840C612208A120A00E3A1CB /* DrawView.m */ = {isa = PBXFileReference; lastKnownFileType = sourcecode.c.objc; path = DrawView.m; sourceTree = "<group>"; };
		088CCBE120861E9900FE7203 /* OneCellViewController.h */ = {isa = PBXFileReference; lastKnownFileType = sourcecode.c.h; path = OneCellViewController.h; sourceTree = "<group>"; };
		088CCBE220861E9900FE7203 /* OneCellViewController.m */ = {isa = PBXFileReference; lastKnownFileType = sourcecode.c.objc; path = OneCellViewController.m; sourceTree = "<group>"; };
		08DDCB822080B1A600D348F7 /* PhotosCollectionViewController.h */ = {isa = PBXFileReference; lastKnownFileType = sourcecode.c.h; path = PhotosCollectionViewController.h; sourceTree = "<group>"; };
		08DDCB832080B1A600D348F7 /* PhotosCollectionViewController.m */ = {isa = PBXFileReference; lastKnownFileType = sourcecode.c.objc; path = PhotosCollectionViewController.m; sourceTree = "<group>"; };
		08DDCB852080B1C400D348F7 /* PhotosCollectionViewCell.h */ = {isa = PBXFileReference; lastKnownFileType = sourcecode.c.h; path = PhotosCollectionViewCell.h; sourceTree = "<group>"; };
		08DDCB862080B1C400D348F7 /* PhotosCollectionViewCell.m */ = {isa = PBXFileReference; lastKnownFileType = sourcecode.c.objc; path = PhotosCollectionViewCell.m; sourceTree = "<group>"; };
/* End PBXFileReference section */

/* Begin PBXFrameworksBuildPhase section */
		082EE7E4207DFBEF0058348A /* Frameworks */ = {
			isa = PBXFrameworksBuildPhase;
			buildActionMask = 2147483647;
			files = (
				0803014B208B2D7700A954F3 /* CoreLocation.framework in Frameworks */,
			);
			runOnlyForDeploymentPostprocessing = 0;
		};
		082EE7FC207DFBF00058348A /* Frameworks */ = {
			isa = PBXFrameworksBuildPhase;
			buildActionMask = 2147483647;
			files = (
			);
			runOnlyForDeploymentPostprocessing = 0;
		};
		082EE807207DFBF00058348A /* Frameworks */ = {
			isa = PBXFrameworksBuildPhase;
			buildActionMask = 2147483647;
			files = (
			);
			runOnlyForDeploymentPostprocessing = 0;
		};
/* End PBXFrameworksBuildPhase section */

/* Begin PBXGroup section */
		08030149208B2D7700A954F3 /* Frameworks */ = {
			isa = PBXGroup;
			children = (
				0803014A208B2D7700A954F3 /* CoreLocation.framework */,
			);
			name = Frameworks;
			sourceTree = "<group>";
		};
		082EE7DE207DFBEF0058348A = {
			isa = PBXGroup;
			children = (
				082EE7E9207DFBEF0058348A /* CustomAlbum */,
				082EE802207DFBF00058348A /* CustomAlbumTests */,
				082EE80D207DFBF00058348A /* CustomAlbumUITests */,
				082EE7E8207DFBEF0058348A /* Products */,
				08030149208B2D7700A954F3 /* Frameworks */,
			);
			sourceTree = "<group>";
		};
		082EE7E8207DFBEF0058348A /* Products */ = {
			isa = PBXGroup;
			children = (
				082EE7E7207DFBEF0058348A /* CustomAlbum.app */,
				082EE7FF207DFBF00058348A /* CustomAlbumTests.xctest */,
				082EE80A207DFBF00058348A /* CustomAlbumUITests.xctest */,
			);
			name = Products;
			sourceTree = "<group>";
		};
		082EE7E9207DFBEF0058348A /* CustomAlbum */ = {
			isa = PBXGroup;
			children = (
				082EE7EA207DFBEF0058348A /* AppDelegate.h */,
				082EE7EB207DFBEF0058348A /* AppDelegate.m */,
				082EE826207E2B710058348A /* Albums.h */,
				082EE827207E2B710058348A /* Albums.m */,
				082EE829207E2EB10058348A /* AlbumCell.h */,
				082EE82A207E2EB10058348A /* AlbumCell.m */,
				08DDCB852080B1C400D348F7 /* PhotosCollectionViewCell.h */,
				08DDCB862080B1C400D348F7 /* PhotosCollectionViewCell.m */,
				0840C60E208A11CE00E3A1CB /* DrawPath.h */,
				0840C60F208A11CE00E3A1CB /* DrawPath.m */,
				0840C611208A120A00E3A1CB /* DrawView.h */,
				0840C612208A120A00E3A1CB /* DrawView.m */,
				082EE7ED207DFBEF0058348A /* MainMenu.h */,
				082EE7EE207DFBEF0058348A /* MainMenu.m */,
				082EE81C207E02F30058348A /* AlbumViewController.h */,
				082EE81D207E02F30058348A /* AlbumViewController.m */,
				08DDCB822080B1A600D348F7 /* PhotosCollectionViewController.h */,
				08DDCB832080B1A600D348F7 /* PhotosCollectionViewController.m */,
				088CCBE120861E9900FE7203 /* OneCellViewController.h */,
				088CCBE220861E9900FE7203 /* OneCellViewController.m */,
				082EE7F0207DFBEF0058348A /* Main.storyboard */,
				082EE7F3207DFBEF0058348A /* Assets.xcassets */,
				082EE7F5207DFBF00058348A /* LaunchScreen.storyboard */,
				082EE7F8207DFBF00058348A /* Info.plist */,
				082EE7F9207DFBF00058348A /* main.m */,
			);
			path = CustomAlbum;
			sourceTree = "<group>";
		};
		082EE802207DFBF00058348A /* CustomAlbumTests */ = {
			isa = PBXGroup;
			children = (
				082EE803207DFBF00058348A /* CustomAlbumTests.m */,
				082EE805207DFBF00058348A /* Info.plist */,
			);
			path = CustomAlbumTests;
			sourceTree = "<group>";
		};
		082EE80D207DFBF00058348A /* CustomAlbumUITests */ = {
			isa = PBXGroup;
			children = (
				082EE80E207DFBF00058348A /* CustomAlbumUITests.m */,
				082EE810207DFBF00058348A /* Info.plist */,
			);
			path = CustomAlbumUITests;
			sourceTree = "<group>";
		};
/* End PBXGroup section */

/* Begin PBXNativeTarget section */
		082EE7E6207DFBEF0058348A /* CustomAlbum */ = {
			isa = PBXNativeTarget;
			buildConfigurationList = 082EE813207DFBF00058348A /* Build configuration list for PBXNativeTarget "CustomAlbum" */;
			buildPhases = (
				082EE7E3207DFBEF0058348A /* Sources */,
				082EE7E4207DFBEF0058348A /* Frameworks */,
				082EE7E5207DFBEF0058348A /* Resources */,
			);
			buildRules = (
			);
			dependencies = (
			);
			name = CustomAlbum;
			productName = CustomAlbum;
			productReference = 082EE7E7207DFBEF0058348A /* CustomAlbum.app */;
			productType = "com.apple.product-type.application";
		};
		082EE7FE207DFBF00058348A /* CustomAlbumTests */ = {
			isa = PBXNativeTarget;
			buildConfigurationList = 082EE816207DFBF00058348A /* Build configuration list for PBXNativeTarget "CustomAlbumTests" */;
			buildPhases = (
				082EE7FB207DFBF00058348A /* Sources */,
				082EE7FC207DFBF00058348A /* Frameworks */,
				082EE7FD207DFBF00058348A /* Resources */,
			);
			buildRules = (
			);
			dependencies = (
				082EE801207DFBF00058348A /* PBXTargetDependency */,
			);
			name = CustomAlbumTests;
			productName = CustomAlbumTests;
			productReference = 082EE7FF207DFBF00058348A /* CustomAlbumTests.xctest */;
			productType = "com.apple.product-type.bundle.unit-test";
		};
		082EE809207DFBF00058348A /* CustomAlbumUITests */ = {
			isa = PBXNativeTarget;
			buildConfigurationList = 082EE819207DFBF00058348A /* Build configuration list for PBXNativeTarget "CustomAlbumUITests" */;
			buildPhases = (
				082EE806207DFBF00058348A /* Sources */,
				082EE807207DFBF00058348A /* Frameworks */,
				082EE808207DFBF00058348A /* Resources */,
			);
			buildRules = (
			);
			dependencies = (
				082EE80C207DFBF00058348A /* PBXTargetDependency */,
			);
			name = CustomAlbumUITests;
			productName = CustomAlbumUITests;
			productReference = 082EE80A207DFBF00058348A /* CustomAlbumUITests.xctest */;
			productType = "com.apple.product-type.bundle.ui-testing";
		};
/* End PBXNativeTarget section */

/* Begin PBXProject section */
		082EE7DF207DFBEF0058348A /* Project object */ = {
			isa = PBXProject;
			attributes = {
				LastUpgradeCheck = 0920;
				ORGANIZATIONNAME = "张储祺";
				TargetAttributes = {
					082EE7E6207DFBEF0058348A = {
						CreatedOnToolsVersion = 9.2;
						ProvisioningStyle = Automatic;
					};
					082EE7FE207DFBF00058348A = {
						CreatedOnToolsVersion = 9.2;
						ProvisioningStyle = Automatic;
						TestTargetID = 082EE7E6207DFBEF0058348A;
					};
					082EE809207DFBF00058348A = {
						CreatedOnToolsVersion = 9.2;
						ProvisioningStyle = Automatic;
						TestTargetID = 082EE7E6207DFBEF0058348A;
					};
				};
			};
			buildConfigurationList = 082EE7E2207DFBEF0058348A /* Build configuration list for PBXProject "CustomAlbum" */;
			compatibilityVersion = "Xcode 8.0";
			developmentRegion = en;
			hasScannedForEncodings = 0;
			knownRegions = (
				en,
				Base,
			);
			mainGroup = 082EE7DE207DFBEF0058348A;
			productRefGroup = 082EE7E8207DFBEF0058348A /* Products */;
			projectDirPath = "";
			projectRoot = "";
			targets = (
				082EE7E6207DFBEF0058348A /* CustomAlbum */,
				082EE7FE207DFBF00058348A /* CustomAlbumTests */,
				082EE809207DFBF00058348A /* CustomAlbumUITests */,
			);
		};
/* End PBXProject section */

/* Begin PBXResourcesBuildPhase section */
		082EE7E5207DFBEF0058348A /* Resources */ = {
			isa = PBXResourcesBuildPhase;
			buildActionMask = 2147483647;
			files = (
				082EE7F7207DFBF00058348A /* LaunchScreen.storyboard in Resources */,
				082EE7F4207DFBEF0058348A /* Assets.xcassets in Resources */,
				082EE7F2207DFBEF0058348A /* Main.storyboard in Resources */,
			);
			runOnlyForDeploymentPostprocessing = 0;
		};
		082EE7FD207DFBF00058348A /* Resources */ = {
			isa = PBXResourcesBuildPhase;
			buildActionMask = 2147483647;
			files = (
			);
			runOnlyForDeploymentPostprocessing = 0;
		};
		082EE808207DFBF00058348A /* Resources */ = {
			isa = PBXResourcesBuildPhase;
			buildActionMask = 2147483647;
			files = (
			);
			runOnlyForDeploymentPostprocessing = 0;
		};
/* End PBXResourcesBuildPhase section */

/* Begin PBXSourcesBuildPhase section */
		082EE7E3207DFBEF0058348A /* Sources */ = {
			isa = PBXSourcesBuildPhase;
			buildActionMask = 2147483647;
			files = (
				082EE828207E2B710058348A /* Albums.m in Sources */,
				08DDCB872080B1C400D348F7 /* PhotosCollectionViewCell.m in Sources */,
				082EE81E207E02F30058348A /* AlbumViewController.m in Sources */,
				082EE7EF207DFBEF0058348A /* MainMenu.m in Sources */,
				0840C613208A120A00E3A1CB /* DrawView.m in Sources */,
				0840C610208A11CE00E3A1CB /* DrawPath.m in Sources */,
				08DDCB842080B1A600D348F7 /* PhotosCollectionViewController.m in Sources */,
				082EE7FA207DFBF00058348A /* main.m in Sources */,
				082EE7EC207DFBEF0058348A /* AppDelegate.m in Sources */,
				082EE82B207E2EB10058348A /* AlbumCell.m in Sources */,
				088CCBE320861E9900FE7203 /* OneCellViewController.m in Sources */,
			);
			runOnlyForDeploymentPostprocessing = 0;
		};
		082EE7FB207DFBF00058348A /* Sources */ = {
			isa = PBXSourcesBuildPhase;
			buildActionMask = 2147483647;
			files = (
				082EE804207DFBF00058348A /* CustomAlbumTests.m in Sources */,
			);
			runOnlyForDeploymentPostprocessing = 0;
		};
		082EE806207DFBF00058348A /* Sources */ = {
			isa = PBXSourcesBuildPhase;
			buildActionMask = 2147483647;
			files = (
				082EE80F207DFBF00058348A /* CustomAlbumUITests.m in Sources */,
			);
			runOnlyForDeploymentPostprocessing = 0;
		};
/* End PBXSourcesBuildPhase section */

/* Begin PBXTargetDependency section */
		082EE801207DFBF00058348A /* PBXTargetDependency */ = {
			isa = PBXTargetDependency;
			target = 082EE7E6207DFBEF0058348A /* CustomAlbum */;
			targetProxy = 082EE800207DFBF00058348A /* PBXContainerItemProxy */;
		};
		082EE80C207DFBF00058348A /* PBXTargetDependency */ = {
			isa = PBXTargetDependency;
			target = 082EE7E6207DFBEF0058348A /* CustomAlbum */;
			targetProxy = 082EE80B207DFBF00058348A /* PBXContainerItemProxy */;
		};
/* End PBXTargetDependency section */

/* Begin PBXVariantGroup section */
		082EE7F0207DFBEF0058348A /* Main.storyboard */ = {
			isa = PBXVariantGroup;
			children = (
				082EE7F1207DFBEF0058348A /* Base */,
			);
			name = Main.storyboard;
			sourceTree = "<group>";
		};
		082EE7F5207DFBF00058348A /* LaunchScreen.storyboard */ = {
			isa = PBXVariantGroup;
			children = (
				082EE7F6207DFBF00058348A /* Base */,
			);
			name = LaunchScreen.storyboard;
			sourceTree = "<group>";
		};
/* End PBXVariantGroup section */

/* Begin XCBuildConfiguration section */
		082EE811207DFBF00058348A /* Debug */ = {
			isa = XCBuildConfiguration;
			buildSettings = {
				ALWAYS_SEARCH_USER_PATHS = NO;
				CLANG_ANALYZER_NONNULL = YES;
				CLANG_ANALYZER_NUMBER_OBJECT_CONVERSION = YES_AGGRESSIVE;
				CLANG_CXX_LANGUAGE_STANDARD = "gnu++14";
				CLANG_CXX_LIBRARY = "libc++";
				CLANG_ENABLE_MODULES = YES;
				CLANG_ENABLE_OBJC_ARC = YES;
				CLANG_WARN_BLOCK_CAPTURE_AUTORELEASING = YES;
				CLANG_WARN_BOOL_CONVERSION = YES;
				CLANG_WARN_COMMA = YES;
				CLANG_WARN_CONSTANT_CONVERSION = YES;
				CLANG_WARN_DIRECT_OBJC_ISA_USAGE = YES_ERROR;
				CLANG_WARN_DOCUMENTATION_COMMENTS = YES;
				CLANG_WARN_EMPTY_BODY = YES;
				CLANG_WARN_ENUM_CONVERSION = YES;
				CLANG_WARN_INFINITE_RECURSION = YES;
				CLANG_WARN_INT_CONVERSION = YES;
				CLANG_WARN_NON_LITERAL_NULL_CONVERSION = YES;
				CLANG_WARN_OBJC_LITERAL_CONVERSION = YES;
				CLANG_WARN_OBJC_ROOT_CLASS = YES_ERROR;
				CLANG_WARN_RANGE_LOOP_ANALYSIS = YES;
				CLANG_WARN_STRICT_PROTOTYPES = YES;
				CLANG_WARN_SUSPICIOUS_MOVE = YES;
				CLANG_WARN_UNGUARDED_AVAILABILITY = YES_AGGRESSIVE;
				CLANG_WARN_UNREACHABLE_CODE = YES;
				CLANG_WARN__DUPLICATE_METHOD_MATCH = YES;
				CODE_SIGN_IDENTITY = "iPhone Developer";
				COPY_PHASE_STRIP = NO;
				DEBUG_INFORMATION_FORMAT = dwarf;
				ENABLE_STRICT_OBJC_MSGSEND = YES;
				ENABLE_TESTABILITY = YES;
				GCC_C_LANGUAGE_STANDARD = gnu11;
				GCC_DYNAMIC_NO_PIC = NO;
				GCC_NO_COMMON_BLOCKS = YES;
				GCC_OPTIMIZATION_LEVEL = 0;
				GCC_PREPROCESSOR_DEFINITIONS = (
					"DEBUG=1",
					"$(inherited)",
				);
				GCC_WARN_64_TO_32_BIT_CONVERSION = YES;
				GCC_WARN_ABOUT_RETURN_TYPE = YES_ERROR;
				GCC_WARN_UNDECLARED_SELECTOR = YES;
				GCC_WARN_UNINITIALIZED_AUTOS = YES_AGGRESSIVE;
				GCC_WARN_UNUSED_FUNCTION = YES;
				GCC_WARN_UNUSED_VARIABLE = YES;
				IPHONEOS_DEPLOYMENT_TARGET = 11.2;
				MTL_ENABLE_DEBUG_INFO = YES;
				ONLY_ACTIVE_ARCH = YES;
				SDKROOT = iphoneos;
			};
			name = Debug;
		};
		082EE812207DFBF00058348A /* Release */ = {
			isa = XCBuildConfiguration;
			buildSettings = {
				ALWAYS_SEARCH_USER_PATHS = NO;
				CLANG_ANALYZER_NONNULL = YES;
				CLANG_ANALYZER_NUMBER_OBJECT_CONVERSION = YES_AGGRESSIVE;
				CLANG_CXX_LANGUAGE_STANDARD = "gnu++14";
				CLANG_CXX_LIBRARY = "libc++";
				CLANG_ENABLE_MODULES = YES;
				CLANG_ENABLE_OBJC_ARC = YES;
				CLANG_WARN_BLOCK_CAPTURE_AUTORELEASING = YES;
				CLANG_WARN_BOOL_CONVERSION = YES;
				CLANG_WARN_COMMA = YES;
				CLANG_WARN_CONSTANT_CONVERSION = YES;
				CLANG_WARN_DIRECT_OBJC_ISA_USAGE = YES_ERROR;
				CLANG_WARN_DOCUMENTATION_COMMENTS = YES;
				CLANG_WARN_EMPTY_BODY = YES;
				CLANG_WARN_ENUM_CONVERSION = YES;
				CLANG_WARN_INFINITE_RECURSION = YES;
				CLANG_WARN_INT_CONVERSION = YES;
				CLANG_WARN_NON_LITERAL_NULL_CONVERSION = YES;
				CLANG_WARN_OBJC_LITERAL_CONVERSION = YES;
				CLANG_WARN_OBJC_ROOT_CLASS = YES_ERROR;
				CLANG_WARN_RANGE_LOOP_ANALYSIS = YES;
				CLANG_WARN_STRICT_PROTOTYPES = YES;
				CLANG_WARN_SUSPICIOUS_MOVE = YES;
				CLANG_WARN_UNGUARDED_AVAILABILITY = YES_AGGRESSIVE;
				CLANG_WARN_UNREACHABLE_CODE = YES;
				CLANG_WARN__DUPLICATE_METHOD_MATCH = YES;
				CODE_SIGN_IDENTITY = "iPhone Developer";
				COPY_PHASE_STRIP = NO;
				DEBUG_INFORMATION_FORMAT = "dwarf-with-dsym";
				ENABLE_NS_ASSERTIONS = NO;
				ENABLE_STRICT_OBJC_MSGSEND = YES;
				GCC_C_LANGUAGE_STANDARD = gnu11;
				GCC_NO_COMMON_BLOCKS = YES;
				GCC_WARN_64_TO_32_BIT_CONVERSION = YES;
				GCC_WARN_ABOUT_RETURN_TYPE = YES_ERROR;
				GCC_WARN_UNDECLARED_SELECTOR = YES;
				GCC_WARN_UNINITIALIZED_AUTOS = YES_AGGRESSIVE;
				GCC_WARN_UNUSED_FUNCTION = YES;
				GCC_WARN_UNUSED_VARIABLE = YES;
				IPHONEOS_DEPLOYMENT_TARGET = 11.2;
				MTL_ENABLE_DEBUG_INFO = NO;
				SDKROOT = iphoneos;
				VALIDATE_PRODUCT = YES;
			};
			name = Release;
		};
		082EE814207DFBF00058348A /* Debug */ = {
			isa = XCBuildConfiguration;
			buildSettings = {
				ASSETCATALOG_COMPILER_APPICON_NAME = AppIcon;
				CODE_SIGN_STYLE = Automatic;
				DEVELOPMENT_TEAM = Q64PWL267Z;
				INFOPLIST_FILE = CustomAlbum/Info.plist;
				LD_RUNPATH_SEARCH_PATHS = "$(inherited) @executable_path/Frameworks";
				PRODUCT_BUNDLE_IDENTIFIER = No.CustomAlbum;
				PRODUCT_NAME = "$(TARGET_NAME)";
				TARGETED_DEVICE_FAMILY = "1,2";
			};
			name = Debug;
		};
		082EE815207DFBF00058348A /* Release */ = {
			isa = XCBuildConfiguration;
			buildSettings = {
				ASSETCATALOG_COMPILER_APPICON_NAME = AppIcon;
				CODE_SIGN_STYLE = Automatic;
				DEVELOPMENT_TEAM = Q64PWL267Z;
				INFOPLIST_FILE = CustomAlbum/Info.plist;
				LD_RUNPATH_SEARCH_PATHS = "$(inherited) @executable_path/Frameworks";
				PRODUCT_BUNDLE_IDENTIFIER = No.CustomAlbum;
				PRODUCT_NAME = "$(TARGET_NAME)";
				TARGETED_DEVICE_FAMILY = "1,2";
			};
			name = Release;
		};
		082EE817207DFBF00058348A /* Debug */ = {
			isa = XCBuildConfiguration;
			buildSettings = {
				BUNDLE_LOADER = "$(TEST_HOST)";
				CODE_SIGN_STYLE = Automatic;
				DEVELOPMENT_TEAM = Q64PWL267Z;
				INFOPLIST_FILE = CustomAlbumTests/Info.plist;
				LD_RUNPATH_SEARCH_PATHS = "$(inherited) @executable_path/Frameworks @loader_path/Frameworks";
				PRODUCT_BUNDLE_IDENTIFIER = No.CustomAlbumTests;
				PRODUCT_NAME = "$(TARGET_NAME)";
				TARGETED_DEVICE_FAMILY = "1,2";
				TEST_HOST = "$(BUILT_PRODUCTS_DIR)/CustomAlbum.app/CustomAlbum";
			};
			name = Debug;
		};
		082EE818207DFBF00058348A /* Release */ = {
			isa = XCBuildConfiguration;
			buildSettings = {
				BUNDLE_LOADER = "$(TEST_HOST)";
				CODE_SIGN_STYLE = Automatic;
				DEVELOPMENT_TEAM = Q64PWL267Z;
				INFOPLIST_FILE = CustomAlbumTests/Info.plist;
				LD_RUNPATH_SEARCH_PATHS = "$(inherited) @executable_path/Frameworks @loader_path/Frameworks";
				PRODUCT_BUNDLE_IDENTIFIER = No.CustomAlbumTests;
				PRODUCT_NAME = "$(TARGET_NAME)";
				TARGETED_DEVICE_FAMILY = "1,2";
				TEST_HOST = "$(BUILT_PRODUCTS_DIR)/CustomAlbum.app/CustomAlbum";
			};
			name = Release;
		};
		082EE81A207DFBF00058348A /* Debug */ = {
			isa = XCBuildConfiguration;
			buildSettings = {
				CODE_SIGN_STYLE = Automatic;
				DEVELOPMENT_TEAM = Q64PWL267Z;
				INFOPLIST_FILE = CustomAlbumUITests/Info.plist;
				LD_RUNPATH_SEARCH_PATHS = "$(inherited) @executable_path/Frameworks @loader_path/Frameworks";
				PRODUCT_BUNDLE_IDENTIFIER = No.CustomAlbumUITests;
				PRODUCT_NAME = "$(TARGET_NAME)";
				TARGETED_DEVICE_FAMILY = "1,2";
				TEST_TARGET_NAME = CustomAlbum;
			};
			name = Debug;
		};
		082EE81B207DFBF00058348A /* Release */ = {
			isa = XCBuildConfiguration;
			buildSettings = {
				CODE_SIGN_STYLE = Automatic;
				DEVELOPMENT_TEAM = Q64PWL267Z;
				INFOPLIST_FILE = CustomAlbumUITests/Info.plist;
				LD_RUNPATH_SEARCH_PATHS = "$(inherited) @executable_path/Frameworks @loader_path/Frameworks";
				PRODUCT_BUNDLE_IDENTIFIER = No.CustomAlbumUITests;
				PRODUCT_NAME = "$(TARGET_NAME)";
				TARGETED_DEVICE_FAMILY = "1,2";
				TEST_TARGET_NAME = CustomAlbum;
			};
			name = Release;
		};
/* End XCBuildConfiguration section */

/* Begin XCConfigurationList section */
		082EE7E2207DFBEF0058348A /* Build configuration list for PBXProject "CustomAlbum" */ = {
			isa = XCConfigurationList;
			buildConfigurations = (
				082EE811207DFBF00058348A /* Debug */,
				082EE812207DFBF00058348A /* Release */,
			);
			defaultConfigurationIsVisible = 0;
			defaultConfigurationName = Release;
		};
		082EE813207DFBF00058348A /* Build configuration list for PBXNativeTarget "CustomAlbum" */ = {
			isa = XCConfigurationList;
			buildConfigurations = (
				082EE814207DFBF00058348A /* Debug */,
				082EE815207DFBF00058348A /* Release */,
			);
			defaultConfigurationIsVisible = 0;
			defaultConfigurationName = Release;
		};
		082EE816207DFBF00058348A /* Build configuration list for PBXNativeTarget "CustomAlbumTests" */ = {
			isa = XCConfigurationList;
			buildConfigurations = (
				082EE817207DFBF00058348A /* Debug */,
				082EE818207DFBF00058348A /* Release */,
			);
			defaultConfigurationIsVisible = 0;
			defaultConfigurationName = Release;
		};
		082EE819207DFBF00058348A /* Build configuration list for PBXNativeTarget "CustomAlbumUITests" */ = {
			isa = XCConfigurationList;
			buildConfigurations = (
				082EE81A207DFBF00058348A /* Debug */,
				082EE81B207DFBF00058348A /* Release */,
			);
			defaultConfigurationIsVisible = 0;
			defaultConfigurationName = Release;
		};
/* End XCConfigurationList section */
	};
	rootObject = 082EE7DF207DFBEF0058348A /* Project object */;
}
